
Microsoft Visual Studio Solution File, Format Version 12.00
# Visual Studio 15
VisualStudioVersion = 15.0.27703.2018
MinimumVisualStudioVersion = 10.0.40219.1
Project("{8BC9CEB8-8B4A-11D0-8D11-00A0C91BC942}") = "SampleProgramm", "SampleProgramm.vcxproj", "{EC004B9A-19C8-49C3-951D-67A4AF15F8CC}"
EndProject
Global
	GlobalSection(SolutionConfigurationPlatforms) = preSolution
		Debug|x64 = Debug|x64
		Debug|x86 = Debug|x86
		Release|x64 = Release|x64
		Release|x86 = Release|x86
	EndGlobalSection
	GlobalSection(ProjectConfigurationPlatforms) = postSolution
		{EC004B9A-19C8-49C3-951D-67A4AF15F8CC}.Debug|x64.ActiveCfg = Debug|x64
		{EC004B9A-19C8-49C3-951D-67A4AF15F8CC}.Debug|x64.Build.0 = Debug|x64
		{EC004B9A-19C8-49C3-951D-67A4AF15F8CC}.Debug|x86.ActiveCfg = Debug|Win32
		{EC004B9A-19C8-49C3-951D-67A4AF15F8CC}.Debug|x86.Build.0 = Debug|Win32
		{EC004B9A-19C8-49C3-951D-67A4AF15F8CC}.Release|x64.ActiveCfg = Release|x64
		{EC004B9A-19C8-49C3-951D-67A4AF15F8CC}.Release|x64.Build.0 = Release|x64
		{EC004B9A-19C8-49C3-951D-67A4AF15F8CC}.Release|x86.ActiveCfg = Release|Win32
		{EC004B9A-19C8-49C3-951D-67A4AF15F8CC}.Release|x86.Build.0 = Release|Win32
	EndGlobalSection
	GlobalSection(SolutionProperties) = preSolution
		HideSolutionNode = FALSE
	EndGlobalSection
	GlobalSection(ExtensibilityGlobals) = postSolution
		SolutionGuid = {B5B3B1DD-BBA8-4DA8-8216-D5D963AEAF80}
	EndGlobalSection
EndGlobal
